
Microsoft Visual Studio Solution File, Format Version 12.00
# Visual Studio Version 17
VisualStudioVersion = 17.2.32630.192
MinimumVisualStudioVersion = 10.0.40219.1
Project("{FAE04EC0-301F-11D3-BF4B-00C04F79EFBC}") = "MyFirstWpfProgram", "MyFirstWpfProgram\MyFirstWpfProgram.csproj", "{6B6394DF-9BD8-4D65-8CAA-6DF6C1C756B9}"
EndProject
Global
	GlobalSection(SolutionConfigurationPlatforms) = preSolution
		Debug|Any CPU = Debug|Any CPU
		Release|Any CPU = Release|Any CPU
	EndGlobalSection
	GlobalSection(ProjectConfigurationPlatforms) = postSolution
		{6B6394DF-9BD8-4D65-8CAA-6DF6C1C756B9}.Debug|Any CPU.ActiveCfg = Debug|Any CPU
		{6B6394DF-9BD8-4D65-8CAA-6DF6C1C756B9}.Debug|Any CPU.Build.0 = Debug|Any CPU
		{6B6394DF-9BD8-4D65-8CAA-6DF6C1C756B9}.Release|Any CPU.ActiveCfg = Release|Any CPU
		{6B6394DF-9BD8-4D65-8CAA-6DF6C1C756B9}.Release|Any CPU.Build.0 = Release|Any CPU
	EndGlobalSection
	GlobalSection(SolutionProperties) = preSolution
		HideSolutionNode = FALSE
	EndGlobalSection
	GlobalSection(ExtensibilityGlobals) = postSolution
		SolutionGuid = {3E2350C1-54FA-45AB-9E49-BD6AD75E11C4}
	EndGlobalSection
EndGlobal
